
Microsoft Visual Studio Solution File, Format Version 12.00
# Visual Studio 15
VisualStudioVersion = 15.0.28307.271
MinimumVisualStudioVersion = 10.0.40219.1
Project("{FAE04EC0-301F-11D3-BF4B-00C04F79EFBC}") = "TareaHelpers", "TareaHelpers\TareaHelpers.csproj", "{1D5C554E-68B1-469B-AE71-6D42128B0E4E}"
EndProject
Project("{FAE04EC0-301F-11D3-BF4B-00C04F79EFBC}") = "TareaHelpers.Datos", "TareaHelpers.Datos\TareaHelpers.Datos.csproj", "{A80C4B85-180C-4AA1-A1EE-DF9B4340C81B}"
EndProject
Global
	GlobalSection(SolutionConfigurationPlatforms) = preSolution
		Debug|Any CPU = Debug|Any CPU
		Release|Any CPU = Release|Any CPU
	EndGlobalSection
	GlobalSection(ProjectConfigurationPlatforms) = postSolution
		{1D5C554E-68B1-469B-AE71-6D42128B0E4E}.Debug|Any CPU.ActiveCfg = Debug|Any CPU
		{1D5C554E-68B1-469B-AE71-6D42128B0E4E}.Debug|Any CPU.Build.0 = Debug|Any CPU
		{1D5C554E-68B1-469B-AE71-6D42128B0E4E}.Release|Any CPU.ActiveCfg = Release|Any CPU
		{1D5C554E-68B1-469B-AE71-6D42128B0E4E}.Release|Any CPU.Build.0 = Release|Any CPU
		{A80C4B85-180C-4AA1-A1EE-DF9B4340C81B}.Debug|Any CPU.ActiveCfg = Debug|Any CPU
		{A80C4B85-180C-4AA1-A1EE-DF9B4340C81B}.Debug|Any CPU.Build.0 = Debug|Any CPU
		{A80C4B85-180C-4AA1-A1EE-DF9B4340C81B}.Release|Any CPU.ActiveCfg = Release|Any CPU
		{A80C4B85-180C-4AA1-A1EE-DF9B4340C81B}.Release|Any CPU.Build.0 = Release|Any CPU
	EndGlobalSection
	GlobalSection(SolutionProperties) = preSolution
		HideSolutionNode = FALSE
	EndGlobalSection
	GlobalSection(ExtensibilityGlobals) = postSolution
		SolutionGuid = {CBA7C3D6-2B0B-4A8D-9A1D-ADD48412C88A}
	EndGlobalSection
EndGlobal
